# @generated - this file is auto-generated by `mise lock` https://mise.en.dev/dev-tools/mise-lock.html

[[tools."aqua:Schniz/fnm"]]
version = "1.39.0"
backend = "aqua:Schniz/fnm"

[tools."aqua:Schniz/fnm"."platforms.linux-x64"]
checksum = "sha256:7807664f39d39fc518da1c35ba0181e4b3267603c4b1dedeb4b5fc6ae440a224"
url = "https://github.com/Schniz/fnm/releases/download/v1.39.0/fnm-linux.zip"

[[tools.bottom]]
version = "0.12.3"
backend = "aqua:ClementTsang/bottom"

[tools.bottom."platforms.linux-x64"]
checksum = "sha256:0d6352079422fda8f4ee242eb849f45a6008db96d6c1cd35e8436babc51bc33f"
url = "https://github.com/ClementTsang/bottom/releases/download/0.12.3/bottom_x86_64-unknown-linux-musl.tar.gz"
provenance = "github-attestations"

[[tools.doggo]]
version = "1.1.7"
backend = "aqua:mr-karan/doggo"

[tools.doggo."platforms.linux-x64"]
checksum = "sha256:a908d045dbda977482927fd90ee1ab2020115fbf0905b93c7d6ef40d357b5392"
url = "https://github.com/mr-karan/doggo/releases/download/v1.1.7/doggo_1.1.7_Linux_x86_64.tar.gz"

[[tools."go:github.com/tmuxpack/tpack/cmd/tpack"]]
version = "1.0.0"
backend = "go:github.com/tmuxpack/tpack/cmd/tpack"

[[tools.lazygit]]
version = "0.62.2"
backend = "aqua:jesseduffield/lazygit"

[tools.lazygit."platforms.linux-x64"]
checksum = "sha256:8b9a4c2d0969cbea92b45c956dd2a44e1ba76900c9df49f1c60984045ce77984"
url = "https://github.com/jesseduffield/lazygit/releases/download/v0.62.2/lazygit_0.62.2_linux_x86_64.tar.gz"

[[tools.usage]]
version = "3.4.0"
backend = "aqua:jdx/usage"

[tools.usage."platforms.linux-x64"]
checksum = "sha256:1a54260df50f1764bc8cbabf8763f2a6314c5025d3b06b512d02898eb28768b3"
url = "https://github.com/jdx/usage/releases/download/v3.4.0/usage-x86_64-unknown-linux-musl.tar.gz"
